PODS:
  - Apollo (0.9.5):
    - Apollo/Core (= 0.9.5)
  - Apollo/Core (0.9.5)
  - SwiftDate (6.0.1)

DEPENDENCIES:
  - Apollo (from `https://github.com/apollographql/apollo-ios.git`)
  - SwiftDate (~> 6.0.1)

SPEC REPOS:
  https://github.com/cocoapods/specs.git:
    - SwiftDate

EXTERNAL SOURCES:
  Apollo:
    :git: https://github.com/apollographql/apollo-ios.git

CHECKOUT OPTIONS:
  Apollo:
    :commit: 5a647ba023276ec3cddeb0ab04dc7c981f105aaa
    :git: https://github.com/apollographql/apollo-ios.git

SPEC CHECKSUMS:
  Apollo: 19caf3246d292bbb69ecad1bd098661f78222aba
  SwiftDate: 2b3ef6b8fc30c22391033d1acad5622a51660016

PODFILE CHECKSUM: a243a8639c990a6bc9cf32eb3588e53b901f2a1c

COCOAPODS: 1.6.1
