PODS:
  - Apollo (0.10.1):
    - Apollo/Core (= 0.10.1)
  - Apollo/Core (0.10.1)
  - SwiftDate (6.0.2)

DEPENDENCIES:
  - Apollo (~> 0.10.1)
  - SwiftDate (~> 6.0.2)

SPEC REPOS:
  https://github.com/cocoapods/specs.git:
    - Apollo
    - SwiftDate

SPEC CHECKSUMS:
  Apollo: 4d690a9b2e48e8820182df4b988d7a253e1ee589
  SwiftDate: bbed9b23bfec599bd62b9a305afc554f7bd0eb6f

PODFILE CHECKSUM: 8712908a38e70cb8cca9050bd55a3153cdc66e55

COCOAPODS: 1.6.1
