// !$*UTF8*$!
{
	archiveVersion = 1;
	classes = {
	};
	objectVersion = 50;
	objects = {

/* Begin PBXBuildFile section */
		8000335F224BEB43005DE9B0 /* Options.storyboard in Resources */ = {isa = PBXBuildFile; fileRef = 8000335E224BEB43005DE9B0 /* Options.storyboard */; };
		80003373224C3724005DE9B0 /* OverviewView.swift in Sources */ = {isa = PBXBuildFile; fileRef = 80003372224C3724005DE9B0 /* OverviewView.swift */; };
		80003375224C3733005DE9B0 /* OverviewView.xib in Resources */ = {isa = PBXBuildFile; fileRef = 80003374224C3733005DE9B0 /* OverviewView.xib */; };
		8000337C224C3BA7005DE9B0 /* UIView+FixInView.swift in Sources */ = {isa = PBXBuildFile; fileRef = 8000337B224C3BA7005DE9B0 /* UIView+FixInView.swift */; };
		8006D122224C4F20001D1705 /* ObservationsView.swift in Sources */ = {isa = PBXBuildFile; fileRef = 8006D121224C4F20001D1705 /* ObservationsView.swift */; };
		8006D124224C550D001D1705 /* ObservationsView.xib in Resources */ = {isa = PBXBuildFile; fileRef = 8006D123224C550D001D1705 /* ObservationsView.xib */; };
		8011D35121D3E8AD0007BB7B /* Assets.xcassets in Resources */ = {isa = PBXBuildFile; fileRef = 8051A6F921755BE7007290CF /* Assets.xcassets */; };
		801952E6224FDE560035C314 /* HeaderView.swift in Sources */ = {isa = PBXBuildFile; fileRef = 801952E5224FDE560035C314 /* HeaderView.swift */; };
		801952E8224FDF0F0035C314 /* HeaderView.xib in Resources */ = {isa = PBXBuildFile; fileRef = 801952E7224FDF0F0035C314 /* HeaderView.xib */; };
		8025484B2186774B00118465 /* Theme.xcassets in Resources */ = {isa = PBXBuildFile; fileRef = 8025484A2186774B00118465 /* Theme.xcassets */; };
		802596BC2235953000769D09 /* ionicons.ttf in Resources */ = {isa = PBXBuildFile; fileRef = 802596BB2235953000769D09 /* ionicons.ttf */; };
		802596C022359A3100769D09 /* API.swift in Sources */ = {isa = PBXBuildFile; fileRef = 802596BF22359A3100769D09 /* API.swift */; };
		802596C222359B7700769D09 /* Alert.swift in Sources */ = {isa = PBXBuildFile; fileRef = 802596C122359B7700769D09 /* Alert.swift */; };
		802F20E821AA36AA00488957 /* DailyForecastView.xib in Resources */ = {isa = PBXBuildFile; fileRef = 802F20E721AA36AA00488957 /* DailyForecastView.xib */; };
		8051A6F321755BE6007290CF /* AppDelegate.swift in Sources */ = {isa = PBXBuildFile; fileRef = 8051A6F221755BE6007290CF /* AppDelegate.swift */; };
		8051A6F521755BE6007290CF /* MainViewController.swift in Sources */ = {isa = PBXBuildFile; fileRef = 8051A6F421755BE6007290CF /* MainViewController.swift */; };
		8051A6F821755BE6007290CF /* Main.storyboard in Resources */ = {isa = PBXBuildFile; fileRef = 8051A6F621755BE6007290CF /* Main.storyboard */; };
		8051A6FD21755BE7007290CF /* LaunchScreen.storyboard in Resources */ = {isa = PBXBuildFile; fileRef = 8051A6FB21755BE7007290CF /* LaunchScreen.storyboard */; };
		8052A6AA217E8B46004FB527 /* ObservationView.xib in Resources */ = {isa = PBXBuildFile; fileRef = 8052A6A9217E8B46004FB527 /* ObservationView.xib */; };
		80631541224F1E3E00F63D4A /* StyledView.swift in Sources */ = {isa = PBXBuildFile; fileRef = 80631540224F1E3E00F63D4A /* StyledView.swift */; };
		806F7CE12235AA9F00F7D392 /* YesterdayConditionViewModel.swift in Sources */ = {isa = PBXBuildFile; fileRef = 806F7CE02235AA9F00F7D392 /* YesterdayConditionViewModel.swift */; };
		806F7CE32235B34500F7D392 /* RegionalNormalsViewModel.swift in Sources */ = {isa = PBXBuildFile; fileRef = 806F7CE22235B34500F7D392 /* RegionalNormalsViewModel.swift */; };
		8077D4B5225104C800D92987 /* DataInfoViewModel.swift in Sources */ = {isa = PBXBuildFile; fileRef = 8077D4B4225104C800D92987 /* DataInfoViewModel.swift */; };
		807B7295217E7872002EE814 /* ObservationView.swift in Sources */ = {isa = PBXBuildFile; fileRef = 807B7294217E7872002EE814 /* ObservationView.swift */; };
		807B7297217E78ED002EE814 /* fontawesome.otf in Resources */ = {isa = PBXBuildFile; fileRef = 807B7296217E78ED002EE814 /* fontawesome.otf */; };
		8082208021ACD35900ACBE7E /* EventsViewModel.swift in Sources */ = {isa = PBXBuildFile; fileRef = 8082207F21ACD35900ACBE7E /* EventsViewModel.swift */; };
		8082208221ACD56100ACBE7E /* WarningView.xib in Resources */ = {isa = PBXBuildFile; fileRef = 8082208121ACD56100ACBE7E /* WarningView.xib */; };
		8082208421ACD57A00ACBE7E /* WarningView.swift in Sources */ = {isa = PBXBuildFile; fileRef = 8082208321ACD57A00ACBE7E /* WarningView.swift */; };
		808352D321D3FCEA00AE5355 /* Colors.xcassets in Resources */ = {isa = PBXBuildFile; fileRef = 80B9195B21D08759003D7E84 /* Colors.xcassets */; };
		8084524B21E2DD080099E660 /* Images.xcassets in Resources */ = {isa = PBXBuildFile; fileRef = 8084524921E2DBB90099E660 /* Images.xcassets */; };
		8091CC6C2234B05000BA8034 /* SiteListQuery.graphql in Resources */ = {isa = PBXBuildFile; fileRef = 8091CC6B2234B05000BA8034 /* SiteListQuery.graphql */; };
		8091CC6E2234BDB300BA8034 /* UserPreferences.swift in Sources */ = {isa = PBXBuildFile; fileRef = 8091CC6D2234BDB300BA8034 /* UserPreferences.swift */; };
		8096725C21D16D77000F1318 /* ForecastIcon.swift in Sources */ = {isa = PBXBuildFile; fileRef = 8096725B21D16D77000F1318 /* ForecastIcon.swift */; };
		80A2FBDF21AA2F020067A425 /* DailyForecastView.swift in Sources */ = {isa = PBXBuildFile; fileRef = 80A2FBDD21AA2F020067A425 /* DailyForecastView.swift */; };
		80A53902224EBFA800ABB2B1 /* HourlyForecastView.swift in Sources */ = {isa = PBXBuildFile; fileRef = 80A53901224EBFA800ABB2B1 /* HourlyForecastView.swift */; };
		80A53905224EE31600ABB2B1 /* HourlyForecastsView.swift in Sources */ = {isa = PBXBuildFile; fileRef = 80A53904224EE31600ABB2B1 /* HourlyForecastsView.swift */; };
		80A53907224EE4B100ABB2B1 /* HourlyForecastsView.xib in Resources */ = {isa = PBXBuildFile; fileRef = 80A53906224EE4B100ABB2B1 /* HourlyForecastsView.xib */; };
		80A5390B224EF26000ABB2B1 /* DailyForecastsView.swift in Sources */ = {isa = PBXBuildFile; fileRef = 80A5390A224EF26000ABB2B1 /* DailyForecastsView.swift */; };
		80A5390D224EF28B00ABB2B1 /* DailyForecastsView.xib in Resources */ = {isa = PBXBuildFile; fileRef = 80A5390C224EF28B00ABB2B1 /* DailyForecastsView.xib */; };
		80A53910224F084600ABB2B1 /* IconDetailView.swift in Sources */ = {isa = PBXBuildFile; fileRef = 80A5390F224F084600ABB2B1 /* IconDetailView.swift */; };
		80A53912224F087A00ABB2B1 /* IconDetailView.xib in Resources */ = {isa = PBXBuildFile; fileRef = 80A53911224F087A00ABB2B1 /* IconDetailView.xib */; };
		80A53915224F0A7200ABB2B1 /* IconDetailsView.swift in Sources */ = {isa = PBXBuildFile; fileRef = 80A53914224F0A7200ABB2B1 /* IconDetailsView.swift */; };
		80A53917224F0A9B00ABB2B1 /* IconDetailsView.xib in Resources */ = {isa = PBXBuildFile; fileRef = 80A53916224F0A9B00ABB2B1 /* IconDetailsView.xib */; };
		80B9195421D06908003D7E84 /* HourlyForecastsViewModel.swift in Sources */ = {isa = PBXBuildFile; fileRef = 80B9195321D06908003D7E84 /* HourlyForecastsViewModel.swift */; };
		80B9195521D06A50003D7E84 /* HourlyForecastView.xib in Resources */ = {isa = PBXBuildFile; fileRef = 80D1AE9021D05D6800168BA8 /* HourlyForecastView.xib */; };
		80B9195721D07F12003D7E84 /* RiseSetViewModel.swift in Sources */ = {isa = PBXBuildFile; fileRef = 80B9195621D07F12003D7E84 /* RiseSetViewModel.swift */; };
		80C982EC225038C100E54D42 /* WarningPriority+Color.swift in Sources */ = {isa = PBXBuildFile; fileRef = 80C982EB225038C100E54D42 /* WarningPriority+Color.swift */; };
		80C982EE225039A000E54D42 /* WarningPriority+IconName.swift in Sources */ = {isa = PBXBuildFile; fileRef = 80C982ED225039A000E54D42 /* WarningPriority+IconName.swift */; };
		80C982F122504E8800E54D42 /* OverviewViewModel.swift in Sources */ = {isa = PBXBuildFile; fileRef = 80C982F022504E8800E54D42 /* OverviewViewModel.swift */; };
		80C982F322504FA100E54D42 /* ObservationsViewModel.swift in Sources */ = {isa = PBXBuildFile; fileRef = 80C982F222504FA100E54D42 /* ObservationsViewModel.swift */; };
		80C982F5225055C900E54D42 /* Float+RoundedString.swift in Sources */ = {isa = PBXBuildFile; fileRef = 80C982F4225055C900E54D42 /* Float+RoundedString.swift */; };
		80C982F72250560A00E54D42 /* UIImage+AspectFitImage.swift in Sources */ = {isa = PBXBuildFile; fileRef = 80C982F62250560A00E54D42 /* UIImage+AspectFitImage.swift */; };
		80C982FA22505B6700E54D42 /* DataInfoView.swift in Sources */ = {isa = PBXBuildFile; fileRef = 80C982F922505B6700E54D42 /* DataInfoView.swift */; };
		80C982FC22505B8A00E54D42 /* DataInfoView.xib in Resources */ = {isa = PBXBuildFile; fileRef = 80C982FB22505B8A00E54D42 /* DataInfoView.xib */; };
		80C982FE22505E6700E54D42 /* OptionsViewController.swift in Sources */ = {isa = PBXBuildFile; fileRef = 80C982FD22505E6700E54D42 /* OptionsViewController.swift */; };
		80D1AE8F21D03FA700168BA8 /* DailyForecastsViewModel.swift in Sources */ = {isa = PBXBuildFile; fileRef = 80D1AE8E21D03FA700168BA8 /* DailyForecastsViewModel.swift */; };
		80DAF517224808BA007AA0FC /* Temperature.swift in Sources */ = {isa = PBXBuildFile; fileRef = 80DAF516224808BA007AA0FC /* Temperature.swift */; };
		80E6324E22349F5A0096FD6D /* schema.json in Resources */ = {isa = PBXBuildFile; fileRef = 80E6324D22349F5A0096FD6D /* schema.json */; };
		80E6325022349F710096FD6D /* WeatherQuery.graphql in Resources */ = {isa = PBXBuildFile; fileRef = 80E6324F22349F710096FD6D /* WeatherQuery.graphql */; };
		80F175FB21AB37C8001090BD /* SearchTableViewController.swift in Sources */ = {isa = PBXBuildFile; fileRef = 80F175FA21AB37C8001090BD /* SearchTableViewController.swift */; };
		F05D4B452A60266AD4A9381D /* Pods_Forecast.framework in Frameworks */ = {isa = PBXBuildFile; fileRef = A0669C3F85188D60A0AD81C6 /* Pods_Forecast.framework */; };
/* End PBXBuildFile section */

/* Begin PBXFileReference section */
		3EEA1402F1D104527639E4F8 /* Pods-Forecast.debug.xcconfig */ = {isa = PBXFileReference; includeInIndex = 1; lastKnownFileType = text.xcconfig; name = "Pods-Forecast.debug.xcconfig"; path = "Pods/Target Support Files/Pods-Forecast/Pods-Forecast.debug.xcconfig"; sourceTree = "<group>"; };
		7B555CDA40B43CFBBCBEB44B /* Pods-Forecast.release.xcconfig */ = {isa = PBXFileReference; includeInIndex = 1; lastKnownFileType = text.xcconfig; name = "Pods-Forecast.release.xcconfig"; path = "Pods/Target Support Files/Pods-Forecast/Pods-Forecast.release.xcconfig"; sourceTree = "<group>"; };
		8000335E224BEB43005DE9B0 /* Options.storyboard */ = {isa = PBXFileReference; lastKnownFileType = file.storyboard; path = Options.storyboard; sourceTree = "<group>"; };
		80003372224C3724005DE9B0 /* OverviewView.swift */ = {isa = PBXFileReference; lastKnownFileType = sourcecode.swift; path = OverviewView.swift; sourceTree = "<group>"; };
		80003374224C3733005DE9B0 /* OverviewView.xib */ = {isa = PBXFileReference; lastKnownFileType = file.xib; path = OverviewView.xib; sourceTree = "<group>"; };
		8000337B224C3BA7005DE9B0 /* UIView+FixInView.swift */ = {isa = PBXFileReference; lastKnownFileType = sourcecode.swift; path = "UIView+FixInView.swift"; sourceTree = "<group>"; };
		8006D121224C4F20001D1705 /* ObservationsView.swift */ = {isa = PBXFileReference; lastKnownFileType = sourcecode.swift; path = ObservationsView.swift; sourceTree = "<group>"; };
		8006D123224C550D001D1705 /* ObservationsView.xib */ = {isa = PBXFileReference; lastKnownFileType = file.xib; path = ObservationsView.xib; sourceTree = "<group>"; };
		801952E5224FDE560035C314 /* HeaderView.swift */ = {isa = PBXFileReference; lastKnownFileType = sourcecode.swift; path = HeaderView.swift; sourceTree = "<group>"; };
		801952E7224FDF0F0035C314 /* HeaderView.xib */ = {isa = PBXFileReference; lastKnownFileType = file.xib; path = HeaderView.xib; sourceTree = "<group>"; };
		8025484A2186774B00118465 /* Theme.xcassets */ = {isa = PBXFileReference; lastKnownFileType = folder.assetcatalog; path = Theme.xcassets; sourceTree = "<group>"; };
		802596BB2235953000769D09 /* ionicons.ttf */ = {isa = PBXFileReference; lastKnownFileType = file; path = ionicons.ttf; sourceTree = "<group>"; };
		802596BF22359A3100769D09 /* API.swift */ = {isa = PBXFileReference; fileEncoding = 4; lastKnownFileType = sourcecode.swift; path = API.swift; sourceTree = "<group>"; };
		802596C122359B7700769D09 /* Alert.swift */ = {isa = PBXFileReference; lastKnownFileType = sourcecode.swift; path = Alert.swift; sourceTree = "<group>"; };
		802F20E721AA36AA00488957 /* DailyForecastView.xib */ = {isa = PBXFileReference; lastKnownFileType = file.xib; path = DailyForecastView.xib; sourceTree = "<group>"; };
		8051A6EF21755BE6007290CF /* Forecast.app */ = {isa = PBXFileReference; explicitFileType = wrapper.application; includeInIndex = 0; path = Forecast.app; sourceTree = BUILT_PRODUCTS_DIR; };
		8051A6F221755BE6007290CF /* AppDelegate.swift */ = {isa = PBXFileReference; lastKnownFileType = sourcecode.swift; path = AppDelegate.swift; sourceTree = "<group>"; };
		8051A6F421755BE6007290CF /* MainViewController.swift */ = {isa = PBXFileReference; lastKnownFileType = sourcecode.swift; path = MainViewController.swift; sourceTree = "<group>"; };
		8051A6F721755BE6007290CF /* Base */ = {isa = PBXFileReference; lastKnownFileType = file.storyboard; name = Base; path = Base.lproj/Main.storyboard; sourceTree = "<group>"; };
		8051A6F921755BE7007290CF /* Assets.xcassets */ = {isa = PBXFileReference; lastKnownFileType = folder.assetcatalog; path = Assets.xcassets; sourceTree = "<group>"; };
		8051A6FC21755BE7007290CF /* Base */ = {isa = PBXFileReference; lastKnownFileType = file.storyboard; name = Base; path = Base.lproj/LaunchScreen.storyboard; sourceTree = "<group>"; };
		8051A6FE21755BE7007290CF /* Info.plist */ = {isa = PBXFileReference; lastKnownFileType = text.plist.xml; path = Info.plist; sourceTree = "<group>"; };
		8052A6A9217E8B46004FB527 /* ObservationView.xib */ = {isa = PBXFileReference; lastKnownFileType = file.xib; path = ObservationView.xib; sourceTree = "<group>"; };
		80631540224F1E3E00F63D4A /* StyledView.swift */ = {isa = PBXFileReference; lastKnownFileType = sourcecode.swift; path = StyledView.swift; sourceTree = "<group>"; };
		806F7CE02235AA9F00F7D392 /* YesterdayConditionViewModel.swift */ = {isa = PBXFileReference; lastKnownFileType = sourcecode.swift; path = YesterdayConditionViewModel.swift; sourceTree = "<group>"; };
		806F7CE22235B34500F7D392 /* RegionalNormalsViewModel.swift */ = {isa = PBXFileReference; lastKnownFileType = sourcecode.swift; path = RegionalNormalsViewModel.swift; sourceTree = "<group>"; };
		8077D4B4225104C800D92987 /* DataInfoViewModel.swift */ = {isa = PBXFileReference; lastKnownFileType = sourcecode.swift; path = DataInfoViewModel.swift; sourceTree = "<group>"; };
		807B7294217E7872002EE814 /* ObservationView.swift */ = {isa = PBXFileReference; lastKnownFileType = sourcecode.swift; path = ObservationView.swift; sourceTree = "<group>"; };
		807B7296217E78ED002EE814 /* fontawesome.otf */ = {isa = PBXFileReference; lastKnownFileType = file; path = fontawesome.otf; sourceTree = "<group>"; };
		8082207F21ACD35900ACBE7E /* EventsViewModel.swift */ = {isa = PBXFileReference; lastKnownFileType = sourcecode.swift; path = EventsViewModel.swift; sourceTree = "<group>"; };
		8082208121ACD56100ACBE7E /* WarningView.xib */ = {isa = PBXFileReference; lastKnownFileType = file.xib; path = WarningView.xib; sourceTree = "<group>"; };
		8082208321ACD57A00ACBE7E /* WarningView.swift */ = {isa = PBXFileReference; lastKnownFileType = sourcecode.swift; path = WarningView.swift; sourceTree = "<group>"; };
		8084524921E2DBB90099E660 /* Images.xcassets */ = {isa = PBXFileReference; lastKnownFileType = folder.assetcatalog; path = Images.xcassets; sourceTree = "<group>"; };
		8091CC6B2234B05000BA8034 /* SiteListQuery.graphql */ = {isa = PBXFileReference; lastKnownFileType = text; path = SiteListQuery.graphql; sourceTree = "<group>"; };
		8091CC6D2234BDB300BA8034 /* UserPreferences.swift */ = {isa = PBXFileReference; lastKnownFileType = sourcecode.swift; path = UserPreferences.swift; sourceTree = "<group>"; };
		8096725B21D16D77000F1318 /* ForecastIcon.swift */ = {isa = PBXFileReference; lastKnownFileType = sourcecode.swift; path = ForecastIcon.swift; sourceTree = "<group>"; };
		80A2FBDD21AA2F020067A425 /* DailyForecastView.swift */ = {isa = PBXFileReference; lastKnownFileType = sourcecode.swift; path = DailyForecastView.swift; sourceTree = "<group>"; };
		80A53901224EBFA800ABB2B1 /* HourlyForecastView.swift */ = {isa = PBXFileReference; lastKnownFileType = sourcecode.swift; path = HourlyForecastView.swift; sourceTree = "<group>"; };
		80A53904224EE31600ABB2B1 /* HourlyForecastsView.swift */ = {isa = PBXFileReference; lastKnownFileType = sourcecode.swift; path = HourlyForecastsView.swift; sourceTree = "<group>"; };
		80A53906224EE4B100ABB2B1 /* HourlyForecastsView.xib */ = {isa = PBXFileReference; lastKnownFileType = file.xib; path = HourlyForecastsView.xib; sourceTree = "<group>"; };
		80A5390A224EF26000ABB2B1 /* DailyForecastsView.swift */ = {isa = PBXFileReference; lastKnownFileType = sourcecode.swift; path = DailyForecastsView.swift; sourceTree = "<group>"; };
		80A5390C224EF28B00ABB2B1 /* DailyForecastsView.xib */ = {isa = PBXFileReference; lastKnownFileType = file.xib; path = DailyForecastsView.xib; sourceTree = "<group>"; };
		80A5390F224F084600ABB2B1 /* IconDetailView.swift */ = {isa = PBXFileReference; lastKnownFileType = sourcecode.swift; path = IconDetailView.swift; sourceTree = "<group>"; };
		80A53911224F087A00ABB2B1 /* IconDetailView.xib */ = {isa = PBXFileReference; lastKnownFileType = file.xib; path = IconDetailView.xib; sourceTree = "<group>"; };
		80A53914224F0A7200ABB2B1 /* IconDetailsView.swift */ = {isa = PBXFileReference; lastKnownFileType = sourcecode.swift; path = IconDetailsView.swift; sourceTree = "<group>"; };
		80A53916224F0A9B00ABB2B1 /* IconDetailsView.xib */ = {isa = PBXFileReference; lastKnownFileType = file.xib; path = IconDetailsView.xib; sourceTree = "<group>"; };
		80B9195321D06908003D7E84 /* HourlyForecastsViewModel.swift */ = {isa = PBXFileReference; lastKnownFileType = sourcecode.swift; path = HourlyForecastsViewModel.swift; sourceTree = "<group>"; };
		80B9195621D07F12003D7E84 /* RiseSetViewModel.swift */ = {isa = PBXFileReference; lastKnownFileType = sourcecode.swift; path = RiseSetViewModel.swift; sourceTree = "<group>"; };
		80B9195B21D08759003D7E84 /* Colors.xcassets */ = {isa = PBXFileReference; lastKnownFileType = folder.assetcatalog; path = Colors.xcassets; sourceTree = "<group>"; };
		80C982EB225038C100E54D42 /* WarningPriority+Color.swift */ = {isa = PBXFileReference; lastKnownFileType = sourcecode.swift; path = "WarningPriority+Color.swift"; sourceTree = "<group>"; };
		80C982ED225039A000E54D42 /* WarningPriority+IconName.swift */ = {isa = PBXFileReference; lastKnownFileType = sourcecode.swift; path = "WarningPriority+IconName.swift"; sourceTree = "<group>"; };
		80C982F022504E8800E54D42 /* OverviewViewModel.swift */ = {isa = PBXFileReference; lastKnownFileType = sourcecode.swift; path = OverviewViewModel.swift; sourceTree = "<group>"; };
		80C982F222504FA100E54D42 /* ObservationsViewModel.swift */ = {isa = PBXFileReference; lastKnownFileType = sourcecode.swift; path = ObservationsViewModel.swift; sourceTree = "<group>"; };
		80C982F4225055C900E54D42 /* Float+RoundedString.swift */ = {isa = PBXFileReference; lastKnownFileType = sourcecode.swift; path = "Float+RoundedString.swift"; sourceTree = "<group>"; };
		80C982F62250560A00E54D42 /* UIImage+AspectFitImage.swift */ = {isa = PBXFileReference; lastKnownFileType = sourcecode.swift; path = "UIImage+AspectFitImage.swift"; sourceTree = "<group>"; };
		80C982F922505B6700E54D42 /* DataInfoView.swift */ = {isa = PBXFileReference; lastKnownFileType = sourcecode.swift; path = DataInfoView.swift; sourceTree = "<group>"; };
		80C982FB22505B8A00E54D42 /* DataInfoView.xib */ = {isa = PBXFileReference; lastKnownFileType = file.xib; path = DataInfoView.xib; sourceTree = "<group>"; };
		80C982FD22505E6700E54D42 /* OptionsViewController.swift */ = {isa = PBXFileReference; lastKnownFileType = sourcecode.swift; path = OptionsViewController.swift; sourceTree = "<group>"; };
		80D1AE8E21D03FA700168BA8 /* DailyForecastsViewModel.swift */ = {isa = PBXFileReference; lastKnownFileType = sourcecode.swift; path = DailyForecastsViewModel.swift; sourceTree = "<group>"; };
		80D1AE9021D05D6800168BA8 /* HourlyForecastView.xib */ = {isa = PBXFileReference; lastKnownFileType = file.xib; path = HourlyForecastView.xib; sourceTree = "<group>"; };
		80DAF516224808BA007AA0FC /* Temperature.swift */ = {isa = PBXFileReference; lastKnownFileType = sourcecode.swift; path = Temperature.swift; sourceTree = "<group>"; };
		80E6324D22349F5A0096FD6D /* schema.json */ = {isa = PBXFileReference; fileEncoding = 4; lastKnownFileType = text.json; path = schema.json; sourceTree = "<group>"; };
		80E6324F22349F710096FD6D /* WeatherQuery.graphql */ = {isa = PBXFileReference; lastKnownFileType = text; path = WeatherQuery.graphql; sourceTree = "<group>"; };
		80F175FA21AB37C8001090BD /* SearchTableViewController.swift */ = {isa = PBXFileReference; lastKnownFileType = sourcecode.swift; path = SearchTableViewController.swift; sourceTree = "<group>"; };
		A0669C3F85188D60A0AD81C6 /* Pods_Forecast.framework */ = {isa = PBXFileReference; explicitFileType = wrapper.framework; includeInIndex = 0; path = Pods_Forecast.framework; sourceTree = BUILT_PRODUCTS_DIR; };
/* End PBXFileReference section */

/* Begin PBXFrameworksBuildPhase section */
		8051A6EC21755BE6007290CF /* Frameworks */ = {
			isa = PBXFrameworksBuildPhase;
			buildActionMask = 2147483647;
			files = (
				F05D4B452A60266AD4A9381D /* Pods_Forecast.framework in Frameworks */,
			);
			runOnlyForDeploymentPostprocessing = 0;
		};
/* End PBXFrameworksBuildPhase section */

/* Begin PBXGroup section */
		5901A7E933D59EF17F75D6AC /* Frameworks */ = {
			isa = PBXGroup;
			children = (
				A0669C3F85188D60A0AD81C6 /* Pods_Forecast.framework */,
			);
			name = Frameworks;
			sourceTree = "<group>";
		};
		8000336C224C3686005DE9B0 /* Views */ = {
			isa = PBXGroup;
			children = (
				8063153F224F1E2800F63D4A /* Styled */,
				8000336D224C368C005DE9B0 /* Overview */,
				80BF85CB224C699E00A6DDD4 /* Observation */,
				8006D11E224C4EEC001D1705 /* Observations */,
				80A53900224EBF6600ABB2B1 /* HourlyForecast */,
				80A53903224EE30100ABB2B1 /* HourlyForecasts */,
				80A53908224EF22600ABB2B1 /* DailyForecast */,
				80A53909224EF23400ABB2B1 /* DailyForecasts */,
				80A5390E224F081300ABB2B1 /* IconDetail */,
				80A53913224F0A4600ABB2B1 /* IconDetails */,
				801952E4224FDE3A0035C314 /* Header */,
				801952E9224FE1E40035C314 /* WarningView */,
				80C982F822505B4100E54D42 /* DataInfo */,
			);
			path = Views;
			sourceTree = "<group>";
		};
		8000336D224C368C005DE9B0 /* Overview */ = {
			isa = PBXGroup;
			children = (
				80003372224C3724005DE9B0 /* OverviewView.swift */,
				80003374224C3733005DE9B0 /* OverviewView.xib */,
			);
			path = Overview;
			sourceTree = "<group>";
		};
		8000337A224C3B96005DE9B0 /* Extensions */ = {
			isa = PBXGroup;
			children = (
				8000337B224C3BA7005DE9B0 /* UIView+FixInView.swift */,
				80C982EB225038C100E54D42 /* WarningPriority+Color.swift */,
				80C982ED225039A000E54D42 /* WarningPriority+IconName.swift */,
				80C982F4225055C900E54D42 /* Float+RoundedString.swift */,
				80C982F62250560A00E54D42 /* UIImage+AspectFitImage.swift */,
			);
			path = Extensions;
			sourceTree = "<group>";
		};
		8006D11E224C4EEC001D1705 /* Observations */ = {
			isa = PBXGroup;
			children = (
				8006D121224C4F20001D1705 /* ObservationsView.swift */,
				8006D123224C550D001D1705 /* ObservationsView.xib */,
			);
			path = Observations;
			sourceTree = "<group>";
		};
		801952E4224FDE3A0035C314 /* Header */ = {
			isa = PBXGroup;
			children = (
				801952E5224FDE560035C314 /* HeaderView.swift */,
				801952E7224FDF0F0035C314 /* HeaderView.xib */,
			);
			path = Header;
			sourceTree = "<group>";
		};
		801952E9224FE1E40035C314 /* WarningView */ = {
			isa = PBXGroup;
			children = (
				8082208321ACD57A00ACBE7E /* WarningView.swift */,
				8082208121ACD56100ACBE7E /* WarningView.xib */,
			);
			path = WarningView;
			sourceTree = "<group>";
		};
		802596BD2235998200769D09 /* Helpers */ = {
			isa = PBXGroup;
			children = (
				8091CC6D2234BDB300BA8034 /* UserPreferences.swift */,
				802596C122359B7700769D09 /* Alert.swift */,
				8096725B21D16D77000F1318 /* ForecastIcon.swift */,
				80DAF516224808BA007AA0FC /* Temperature.swift */,
			);
			path = Helpers;
			sourceTree = "<group>";
		};
		8051A6E621755BE6007290CF = {
			isa = PBXGroup;
			children = (
				8051A6F121755BE6007290CF /* Forecast */,
				8051A6F021755BE6007290CF /* Products */,
				CF1CB507A484B3314AA41664 /* Pods */,
				5901A7E933D59EF17F75D6AC /* Frameworks */,
			);
			sourceTree = "<group>";
		};
		8051A6F021755BE6007290CF /* Products */ = {
			isa = PBXGroup;
			children = (
				8051A6EF21755BE6007290CF /* Forecast.app */,
			);
			name = Products;
			sourceTree = "<group>";
		};
		8051A6F121755BE6007290CF /* Forecast */ = {
			isa = PBXGroup;
			children = (
				8000337A224C3B96005DE9B0 /* Extensions */,
				8000336C224C3686005DE9B0 /* Views */,
				80C982EF225041F900E54D42 /* ViewModels */,
				802596BD2235998200769D09 /* Helpers */,
				80E6324C22349F4C0096FD6D /* GraphQL */,
				80EEB23D217A74A500AD4448 /* Fonts */,
				80EEB23A217A745600AD4448 /* Controllers */,
				80EEB239217A744500AD4448 /* Storyboards */,
				8051A6F221755BE6007290CF /* AppDelegate.swift */,
				8051A6FE21755BE7007290CF /* Info.plist */,
				8051A6F921755BE7007290CF /* Assets.xcassets */,
				8025484A2186774B00118465 /* Theme.xcassets */,
				80B9195B21D08759003D7E84 /* Colors.xcassets */,
				8084524921E2DBB90099E660 /* Images.xcassets */,
			);
			path = Forecast;
			sourceTree = "<group>";
		};
		8063153F224F1E2800F63D4A /* Styled */ = {
			isa = PBXGroup;
			children = (
				80631540224F1E3E00F63D4A /* StyledView.swift */,
			);
			path = Styled;
			sourceTree = "<group>";
		};
		80A53900224EBF6600ABB2B1 /* HourlyForecast */ = {
			isa = PBXGroup;
			children = (
				80A53901224EBFA800ABB2B1 /* HourlyForecastView.swift */,
				80D1AE9021D05D6800168BA8 /* HourlyForecastView.xib */,
			);
			path = HourlyForecast;
			sourceTree = "<group>";
		};
		80A53903224EE30100ABB2B1 /* HourlyForecasts */ = {
			isa = PBXGroup;
			children = (
				80A53904224EE31600ABB2B1 /* HourlyForecastsView.swift */,
				80A53906224EE4B100ABB2B1 /* HourlyForecastsView.xib */,
			);
			path = HourlyForecasts;
			sourceTree = "<group>";
		};
		80A53908224EF22600ABB2B1 /* DailyForecast */ = {
			isa = PBXGroup;
			children = (
				80A2FBDD21AA2F020067A425 /* DailyForecastView.swift */,
				802F20E721AA36AA00488957 /* DailyForecastView.xib */,
			);
			path = DailyForecast;
			sourceTree = "<group>";
		};
		80A53909224EF23400ABB2B1 /* DailyForecasts */ = {
			isa = PBXGroup;
			children = (
				80A5390A224EF26000ABB2B1 /* DailyForecastsView.swift */,
				80A5390C224EF28B00ABB2B1 /* DailyForecastsView.xib */,
			);
			path = DailyForecasts;
			sourceTree = "<group>";
		};
		80A5390E224F081300ABB2B1 /* IconDetail */ = {
			isa = PBXGroup;
			children = (
				80A5390F224F084600ABB2B1 /* IconDetailView.swift */,
				80A53911224F087A00ABB2B1 /* IconDetailView.xib */,
			);
			path = IconDetail;
			sourceTree = "<group>";
		};
		80A53913224F0A4600ABB2B1 /* IconDetails */ = {
			isa = PBXGroup;
			children = (
				80A53914224F0A7200ABB2B1 /* IconDetailsView.swift */,
				80A53916224F0A9B00ABB2B1 /* IconDetailsView.xib */,
			);
			path = IconDetails;
			sourceTree = "<group>";
		};
		80BF85CB224C699E00A6DDD4 /* Observation */ = {
			isa = PBXGroup;
			children = (
				807B7294217E7872002EE814 /* ObservationView.swift */,
				8052A6A9217E8B46004FB527 /* ObservationView.xib */,
			);
			path = Observation;
			sourceTree = "<group>";
		};
		80C982EF225041F900E54D42 /* ViewModels */ = {
			isa = PBXGroup;
			children = (
				80D1AE8E21D03FA700168BA8 /* DailyForecastsViewModel.swift */,
				80B9195321D06908003D7E84 /* HourlyForecastsViewModel.swift */,
				8082207F21ACD35900ACBE7E /* EventsViewModel.swift */,
				80B9195621D07F12003D7E84 /* RiseSetViewModel.swift */,
				806F7CE02235AA9F00F7D392 /* YesterdayConditionViewModel.swift */,
				806F7CE22235B34500F7D392 /* RegionalNormalsViewModel.swift */,
				80C982F022504E8800E54D42 /* OverviewViewModel.swift */,
				80C982F222504FA100E54D42 /* ObservationsViewModel.swift */,
				8077D4B4225104C800D92987 /* DataInfoViewModel.swift */,
			);
			path = ViewModels;
			sourceTree = "<group>";
		};
		80C982F822505B4100E54D42 /* DataInfo */ = {
			isa = PBXGroup;
			children = (
				80C982F922505B6700E54D42 /* DataInfoView.swift */,
				80C982FB22505B8A00E54D42 /* DataInfoView.xib */,
			);
			path = DataInfo;
			sourceTree = "<group>";
		};
		80E6324C22349F4C0096FD6D /* GraphQL */ = {
			isa = PBXGroup;
			children = (
				802596BF22359A3100769D09 /* API.swift */,
				80E6324D22349F5A0096FD6D /* schema.json */,
				80E6324F22349F710096FD6D /* WeatherQuery.graphql */,
				8091CC6B2234B05000BA8034 /* SiteListQuery.graphql */,
			);
			path = GraphQL;
			sourceTree = "<group>";
		};
		80EEB239217A744500AD4448 /* Storyboards */ = {
			isa = PBXGroup;
			children = (
				8051A6F621755BE6007290CF /* Main.storyboard */,
				8051A6FB21755BE7007290CF /* LaunchScreen.storyboard */,
				8000335E224BEB43005DE9B0 /* Options.storyboard */,
			);
			path = Storyboards;
			sourceTree = "<group>";
		};
		80EEB23A217A745600AD4448 /* Controllers */ = {
			isa = PBXGroup;
			children = (
				8051A6F421755BE6007290CF /* MainViewController.swift */,
				80F175FA21AB37C8001090BD /* SearchTableViewController.swift */,
				80C982FD22505E6700E54D42 /* OptionsViewController.swift */,
			);
			path = Controllers;
			sourceTree = "<group>";
		};
		80EEB23D217A74A500AD4448 /* Fonts */ = {
			isa = PBXGroup;
			children = (
				802596BB2235953000769D09 /* ionicons.ttf */,
				807B7296217E78ED002EE814 /* fontawesome.otf */,
			);
			path = Fonts;
			sourceTree = "<group>";
		};
		CF1CB507A484B3314AA41664 /* Pods */ = {
			isa = PBXGroup;
			children = (
				3EEA1402F1D104527639E4F8 /* Pods-Forecast.debug.xcconfig */,
				7B555CDA40B43CFBBCBEB44B /* Pods-Forecast.release.xcconfig */,
			);
			name = Pods;
			sourceTree = "<group>";
		};
/* End PBXGroup section */

/* Begin PBXNativeTarget section */
		8051A6EE21755BE6007290CF /* Forecast */ = {
			isa = PBXNativeTarget;
			buildConfigurationList = 8051A70121755BE7007290CF /* Build configuration list for PBXNativeTarget "Forecast" */;
			buildPhases = (
				80A3E7DBDD755F8130B83037 /* [CP] Check Pods Manifest.lock */,
				80E6324922349D740096FD6D /* Generate Apollo GraphQL API */,
				8051A6EB21755BE6007290CF /* Sources */,
				8051A6EC21755BE6007290CF /* Frameworks */,
				8051A6ED21755BE6007290CF /* Resources */,
				49D5E3667D59BB05ACA12E3D /* [CP] Embed Pods Frameworks */,
			);
			buildRules = (
			);
			dependencies = (
			);
			name = Forecast;
			productName = Forecast;
			productReference = 8051A6EF21755BE6007290CF /* Forecast.app */;
			productType = "com.apple.product-type.application";
		};
/* End PBXNativeTarget section */

/* Begin PBXProject section */
		8051A6E721755BE6007290CF /* Project object */ = {
			isa = PBXProject;
			attributes = {
				LastSwiftUpdateCheck = 1000;
				LastUpgradeCheck = 1000;
				ORGANIZATIONNAME = "Lukas Romsicki";
				TargetAttributes = {
					8051A6EE21755BE6007290CF = {
						CreatedOnToolsVersion = 10.0;
						LastSwiftMigration = 1020;
					};
				};
			};
			buildConfigurationList = 8051A6EA21755BE6007290CF /* Build configuration list for PBXProject "Forecast" */;
			compatibilityVersion = "Xcode 9.3";
			developmentRegion = en;
			hasScannedForEncodings = 0;
			knownRegions = (
				en,
				Base,
			);
			mainGroup = 8051A6E621755BE6007290CF;
			productRefGroup = 8051A6F021755BE6007290CF /* Products */;
			projectDirPath = "";
			projectRoot = "";
			targets = (
				8051A6EE21755BE6007290CF /* Forecast */,
			);
		};
/* End PBXProject section */

/* Begin PBXResourcesBuildPhase section */
		8051A6ED21755BE6007290CF /* Resources */ = {
			isa = PBXResourcesBuildPhase;
			buildActionMask = 2147483647;
			files = (
				80A53912224F087A00ABB2B1 /* IconDetailView.xib in Resources */,
				80003375224C3733005DE9B0 /* OverviewView.xib in Resources */,
				80C982FC22505B8A00E54D42 /* DataInfoView.xib in Resources */,
				8052A6AA217E8B46004FB527 /* ObservationView.xib in Resources */,
				807B7297217E78ED002EE814 /* fontawesome.otf in Resources */,
				8006D124224C550D001D1705 /* ObservationsView.xib in Resources */,
				8011D35121D3E8AD0007BB7B /* Assets.xcassets in Resources */,
				8051A6FD21755BE7007290CF /* LaunchScreen.storyboard in Resources */,
				80B9195521D06A50003D7E84 /* HourlyForecastView.xib in Resources */,
				80A5390D224EF28B00ABB2B1 /* DailyForecastsView.xib in Resources */,
				801952E8224FDF0F0035C314 /* HeaderView.xib in Resources */,
				8000335F224BEB43005DE9B0 /* Options.storyboard in Resources */,
				80A53907224EE4B100ABB2B1 /* HourlyForecastsView.xib in Resources */,
				8091CC6C2234B05000BA8034 /* SiteListQuery.graphql in Resources */,
				802596BC2235953000769D09 /* ionicons.ttf in Resources */,
				80E6325022349F710096FD6D /* WeatherQuery.graphql in Resources */,
				8051A6F821755BE6007290CF /* Main.storyboard in Resources */,
				80E6324E22349F5A0096FD6D /* schema.json in Resources */,
				80A53917224F0A9B00ABB2B1 /* IconDetailsView.xib in Resources */,
				8082208221ACD56100ACBE7E /* WarningView.xib in Resources */,
				808352D321D3FCEA00AE5355 /* Colors.xcassets in Resources */,
				8084524B21E2DD080099E660 /* Images.xcassets in Resources */,
				8025484B2186774B00118465 /* Theme.xcassets in Resources */,
				802F20E821AA36AA00488957 /* DailyForecastView.xib in Resources */,
			);
			runOnlyForDeploymentPostprocessing = 0;
		};
/* End PBXResourcesBuildPhase section */

/* Begin PBXShellScriptBuildPhase section */
		49D5E3667D59BB05ACA12E3D /* [CP] Embed Pods Frameworks */ = {
			isa = PBXShellScriptBuildPhase;
			buildActionMask = 2147483647;
			files = (
			);
			inputFileListPaths = (
			);
			inputPaths = (
				"${PODS_ROOT}/Target Support Files/Pods-Forecast/Pods-Forecast-frameworks.sh",
				"${BUILT_PRODUCTS_DIR}/Apollo/Apollo.framework",
				"${BUILT_PRODUCTS_DIR}/SwiftDate/SwiftDate.framework",
			);
			name = "[CP] Embed Pods Frameworks";
			outputFileListPaths = (
			);
			outputPaths = (
				"${TARGET_BUILD_DIR}/${FRAMEWORKS_FOLDER_PATH}/Apollo.framework",
				"${TARGET_BUILD_DIR}/${FRAMEWORKS_FOLDER_PATH}/SwiftDate.framework",
			);
			runOnlyForDeploymentPostprocessing = 0;
			shellPath = /bin/sh;
			shellScript = "\"${PODS_ROOT}/Target Support Files/Pods-Forecast/Pods-Forecast-frameworks.sh\"\n";
			showEnvVarsInLog = 0;
		};
		80A3E7DBDD755F8130B83037 /* [CP] Check Pods Manifest.lock */ = {
			isa = PBXShellScriptBuildPhase;
			buildActionMask = 2147483647;
			files = (
			);
			inputFileListPaths = (
			);
			inputPaths = (
				"${PODS_PODFILE_DIR_PATH}/Podfile.lock",
				"${PODS_ROOT}/Manifest.lock",
			);
			name = "[CP] Check Pods Manifest.lock";
			outputFileListPaths = (
			);
			outputPaths = (
				"$(DERIVED_FILE_DIR)/Pods-Forecast-checkManifestLockResult.txt",
			);
			runOnlyForDeploymentPostprocessing = 0;
			shellPath = /bin/sh;
			shellScript = "diff \"${PODS_PODFILE_DIR_PATH}/Podfile.lock\" \"${PODS_ROOT}/Manifest.lock\" > /dev/null\nif [ $? != 0 ] ; then\n    # print error to STDERR\n    echo \"error: The sandbox is not in sync with the Podfile.lock. Run 'pod install' or update your CocoaPods installation.\" >&2\n    exit 1\nfi\n# This output is used by Xcode 'outputs' to avoid re-running this script phase.\necho \"SUCCESS\" > \"${SCRIPT_OUTPUT_FILE_0}\"\n";
			showEnvVarsInLog = 0;
		};
		80E6324922349D740096FD6D /* Generate Apollo GraphQL API */ = {
			isa = PBXShellScriptBuildPhase;
			buildActionMask = 2147483647;
			files = (
			);
			inputFileListPaths = (
			);
			inputPaths = (
			);
			name = "Generate Apollo GraphQL API";
			outputFileListPaths = (
			);
			outputPaths = (
			);
			runOnlyForDeploymentPostprocessing = 0;
			shellPath = /bin/sh;
			shellScript = "APOLLO_FRAMEWORK_PATH=\"$(eval find $FRAMEWORK_SEARCH_PATHS -name \"Apollo.framework\" -maxdepth 1)\"\n\nif [ -z \"$APOLLO_FRAMEWORK_PATH\" ]; then\necho \"error: Couldn't find Apollo.framework in FRAMEWORK_SEARCH_PATHS; make sure to add the framework to your project.\"\nexit 1\nfi\n\ncd \"${SRCROOT}/${TARGET_NAME}\"\n$APOLLO_FRAMEWORK_PATH/check-and-run-apollo-cli.sh codegen:generate --queries=\"$(find . -name '*.graphql')\" --schema=GraphQL/schema.json GraphQL/API.swift\n";
		};
/* End PBXShellScriptBuildPhase section */

/* Begin PBXSourcesBuildPhase section */
		8051A6EB21755BE6007290CF /* Sources */ = {
			isa = PBXSourcesBuildPhase;
			buildActionMask = 2147483647;
			files = (
				806F7CE12235AA9F00F7D392 /* YesterdayConditionViewModel.swift in Sources */,
				8051A6F521755BE6007290CF /* MainViewController.swift in Sources */,
				80A53915224F0A7200ABB2B1 /* IconDetailsView.swift in Sources */,
				80DAF517224808BA007AA0FC /* Temperature.swift in Sources */,
				80003373224C3724005DE9B0 /* OverviewView.swift in Sources */,
				8096725C21D16D77000F1318 /* ForecastIcon.swift in Sources */,
				80C982EE225039A000E54D42 /* WarningPriority+IconName.swift in Sources */,
				80F175FB21AB37C8001090BD /* SearchTableViewController.swift in Sources */,
				8000337C224C3BA7005DE9B0 /* UIView+FixInView.swift in Sources */,
				80A5390B224EF26000ABB2B1 /* DailyForecastsView.swift in Sources */,
				802596C222359B7700769D09 /* Alert.swift in Sources */,
				80C982F322504FA100E54D42 /* ObservationsViewModel.swift in Sources */,
				80A53902224EBFA800ABB2B1 /* HourlyForecastView.swift in Sources */,
				80C982F72250560A00E54D42 /* UIImage+AspectFitImage.swift in Sources */,
				80A53910224F084600ABB2B1 /* IconDetailView.swift in Sources */,
				8006D122224C4F20001D1705 /* ObservationsView.swift in Sources */,
				80B9195421D06908003D7E84 /* HourlyForecastsViewModel.swift in Sources */,
				8051A6F321755BE6007290CF /* AppDelegate.swift in Sources */,
				8091CC6E2234BDB300BA8034 /* UserPreferences.swift in Sources */,
				80D1AE8F21D03FA700168BA8 /* DailyForecastsViewModel.swift in Sources */,
				8082208421ACD57A00ACBE7E /* WarningView.swift in Sources */,
				80C982F122504E8800E54D42 /* OverviewViewModel.swift in Sources */,
				807B7295217E7872002EE814 /* ObservationView.swift in Sources */,
				80A2FBDF21AA2F020067A425 /* DailyForecastView.swift in Sources */,
				80C982FE22505E6700E54D42 /* OptionsViewController.swift in Sources */,
				80C982FA22505B6700E54D42 /* DataInfoView.swift in Sources */,
				80A53905224EE31600ABB2B1 /* HourlyForecastsView.swift in Sources */,
				80631541224F1E3E00F63D4A /* StyledView.swift in Sources */,
				80C982F5225055C900E54D42 /* Float+RoundedString.swift in Sources */,
				802596C022359A3100769D09 /* API.swift in Sources */,
				8082208021ACD35900ACBE7E /* EventsViewModel.swift in Sources */,
				80C982EC225038C100E54D42 /* WarningPriority+Color.swift in Sources */,
				8077D4B5225104C800D92987 /* DataInfoViewModel.swift in Sources */,
				801952E6224FDE560035C314 /* HeaderView.swift in Sources */,
				80B9195721D07F12003D7E84 /* RiseSetViewModel.swift in Sources */,
				806F7CE32235B34500F7D392 /* RegionalNormalsViewModel.swift in Sources */,
			);
			runOnlyForDeploymentPostprocessing = 0;
		};
/* End PBXSourcesBuildPhase section */

/* Begin PBXVariantGroup section */
		8051A6F621755BE6007290CF /* Main.storyboard */ = {
			isa = PBXVariantGroup;
			children = (
				8051A6F721755BE6007290CF /* Base */,
			);
			name = Main.storyboard;
			sourceTree = "<group>";
		};
		8051A6FB21755BE7007290CF /* LaunchScreen.storyboard */ = {
			isa = PBXVariantGroup;
			children = (
				8051A6FC21755BE7007290CF /* Base */,
			);
			name = LaunchScreen.storyboard;
			sourceTree = "<group>";
		};
/* End PBXVariantGroup section */

/* Begin XCBuildConfiguration section */
		8051A6FF21755BE7007290CF /* Debug */ = {
			isa = XCBuildConfiguration;
			buildSettings = {
				ALWAYS_SEARCH_USER_PATHS = NO;
				CLANG_ANALYZER_NONNULL = YES;
				CLANG_ANALYZER_NUMBER_OBJECT_CONVERSION = YES_AGGRESSIVE;
				CLANG_CXX_LANGUAGE_STANDARD = "gnu++14";
				CLANG_CXX_LIBRARY = "libc++";
				CLANG_ENABLE_MODULES = YES;
				CLANG_ENABLE_OBJC_ARC = YES;
				CLANG_ENABLE_OBJC_WEAK = YES;
				CLANG_WARN_BLOCK_CAPTURE_AUTORELEASING = YES;
				CLANG_WARN_BOOL_CONVERSION = YES;
				CLANG_WARN_COMMA = YES;
				CLANG_WARN_CONSTANT_CONVERSION = YES;
				CLANG_WARN_DEPRECATED_OBJC_IMPLEMENTATIONS = YES;
				CLANG_WARN_DIRECT_OBJC_ISA_USAGE = YES_ERROR;
				CLANG_WARN_DOCUMENTATION_COMMENTS = YES;
				CLANG_WARN_EMPTY_BODY = YES;
				CLANG_WARN_ENUM_CONVERSION = YES;
				CLANG_WARN_INFINITE_RECURSION = YES;
				CLANG_WARN_INT_CONVERSION = YES;
				CLANG_WARN_NON_LITERAL_NULL_CONVERSION = YES;
				CLANG_WARN_OBJC_IMPLICIT_RETAIN_SELF = YES;
				CLANG_WARN_OBJC_LITERAL_CONVERSION = YES;
				CLANG_WARN_OBJC_ROOT_CLASS = YES_ERROR;
				CLANG_WARN_RANGE_LOOP_ANALYSIS = YES;
				CLANG_WARN_STRICT_PROTOTYPES = YES;
				CLANG_WARN_SUSPICIOUS_MOVE = YES;
				CLANG_WARN_UNGUARDED_AVAILABILITY = YES_AGGRESSIVE;
				CLANG_WARN_UNREACHABLE_CODE = YES;
				CLANG_WARN__DUPLICATE_METHOD_MATCH = YES;
				CODE_SIGN_IDENTITY = "iPhone Developer";
				COPY_PHASE_STRIP = NO;
				DEBUG_INFORMATION_FORMAT = dwarf;
				ENABLE_STRICT_OBJC_MSGSEND = YES;
				ENABLE_TESTABILITY = YES;
				GCC_C_LANGUAGE_STANDARD = gnu11;
				GCC_DYNAMIC_NO_PIC = NO;
				GCC_NO_COMMON_BLOCKS = YES;
				GCC_OPTIMIZATION_LEVEL = 0;
				GCC_PREPROCESSOR_DEFINITIONS = (
					"DEBUG=1",
					"$(inherited)",
				);
				GCC_WARN_64_TO_32_BIT_CONVERSION = YES;
				GCC_WARN_ABOUT_RETURN_TYPE = YES_ERROR;
				GCC_WARN_UNDECLARED_SELECTOR = YES;
				GCC_WARN_UNINITIALIZED_AUTOS = YES_AGGRESSIVE;
				GCC_WARN_UNUSED_FUNCTION = YES;
				GCC_WARN_UNUSED_VARIABLE = YES;
				IPHONEOS_DEPLOYMENT_TARGET = 12.0;
				MTL_ENABLE_DEBUG_INFO = INCLUDE_SOURCE;
				MTL_FAST_MATH = YES;
				ONLY_ACTIVE_ARCH = YES;
				SDKROOT = iphoneos;
				SWIFT_ACTIVE_COMPILATION_CONDITIONS = DEBUG;
				SWIFT_OPTIMIZATION_LEVEL = "-Onone";
			};
			name = Debug;
		};
		8051A70021755BE7007290CF /* Release */ = {
			isa = XCBuildConfiguration;
			buildSettings = {
				ALWAYS_SEARCH_USER_PATHS = NO;
				CLANG_ANALYZER_NONNULL = YES;
				CLANG_ANALYZER_NUMBER_OBJECT_CONVERSION = YES_AGGRESSIVE;
				CLANG_CXX_LANGUAGE_STANDARD = "gnu++14";
				CLANG_CXX_LIBRARY = "libc++";
				CLANG_ENABLE_MODULES = YES;
				CLANG_ENABLE_OBJC_ARC = YES;
				CLANG_ENABLE_OBJC_WEAK = YES;
				CLANG_WARN_BLOCK_CAPTURE_AUTORELEASING = YES;
				CLANG_WARN_BOOL_CONVERSION = YES;
				CLANG_WARN_COMMA = YES;
				CLANG_WARN_CONSTANT_CONVERSION = YES;
				CLANG_WARN_DEPRECATED_OBJC_IMPLEMENTATIONS = YES;
				CLANG_WARN_DIRECT_OBJC_ISA_USAGE = YES_ERROR;
				CLANG_WARN_DOCUMENTATION_COMMENTS = YES;
				CLANG_WARN_EMPTY_BODY = YES;
				CLANG_WARN_ENUM_CONVERSION = YES;
				CLANG_WARN_INFINITE_RECURSION = YES;
				CLANG_WARN_INT_CONVERSION = YES;
				CLANG_WARN_NON_LITERAL_NULL_CONVERSION = YES;
				CLANG_WARN_OBJC_IMPLICIT_RETAIN_SELF = YES;
				CLANG_WARN_OBJC_LITERAL_CONVERSION = YES;
				CLANG_WARN_OBJC_ROOT_CLASS = YES_ERROR;
				CLANG_WARN_RANGE_LOOP_ANALYSIS = YES;
				CLANG_WARN_STRICT_PROTOTYPES = YES;
				CLANG_WARN_SUSPICIOUS_MOVE = YES;
				CLANG_WARN_UNGUARDED_AVAILABILITY = YES_AGGRESSIVE;
				CLANG_WARN_UNREACHABLE_CODE = YES;
				CLANG_WARN__DUPLICATE_METHOD_MATCH = YES;
				CODE_SIGN_IDENTITY = "iPhone Developer";
				COPY_PHASE_STRIP = NO;
				DEBUG_INFORMATION_FORMAT = "dwarf-with-dsym";
				ENABLE_NS_ASSERTIONS = NO;
				ENABLE_STRICT_OBJC_MSGSEND = YES;
				GCC_C_LANGUAGE_STANDARD = gnu11;
				GCC_NO_COMMON_BLOCKS = YES;
				GCC_WARN_64_TO_32_BIT_CONVERSION = YES;
				GCC_WARN_ABOUT_RETURN_TYPE = YES_ERROR;
				GCC_WARN_UNDECLARED_SELECTOR = YES;
				GCC_WARN_UNINITIALIZED_AUTOS = YES_AGGRESSIVE;
				GCC_WARN_UNUSED_FUNCTION = YES;
				GCC_WARN_UNUSED_VARIABLE = YES;
				IPHONEOS_DEPLOYMENT_TARGET = 12.0;
				MTL_ENABLE_DEBUG_INFO = NO;
				MTL_FAST_MATH = YES;
				SDKROOT = iphoneos;
				SWIFT_COMPILATION_MODE = wholemodule;
				SWIFT_OPTIMIZATION_LEVEL = "-O";
				VALIDATE_PRODUCT = YES;
			};
			name = Release;
		};
		8051A70221755BE7007290CF /* Debug */ = {
			isa = XCBuildConfiguration;
			baseConfigurationReference = 3EEA1402F1D104527639E4F8 /* Pods-Forecast.debug.xcconfig */;
			buildSettings = {
				ASSETCATALOG_COMPILER_APPICON_NAME = AppIcon;
				CODE_SIGN_STYLE = Automatic;
				DEVELOPMENT_TEAM = 8P8574Z65P;
				INFOPLIST_FILE = Forecast/Info.plist;
				LD_RUNPATH_SEARCH_PATHS = (
					"$(inherited)",
					"@executable_path/Frameworks",
				);
				PRODUCT_BUNDLE_IDENTIFIER = com.romsicki.forecast;
				PRODUCT_NAME = "$(TARGET_NAME)";
				SWIFT_VERSION = 4.2;
				TARGETED_DEVICE_FAMILY = 1;
			};
			name = Debug;
		};
		8051A70321755BE7007290CF /* Release */ = {
			isa = XCBuildConfiguration;
			baseConfigurationReference = 7B555CDA40B43CFBBCBEB44B /* Pods-Forecast.release.xcconfig */;
			buildSettings = {
				ASSETCATALOG_COMPILER_APPICON_NAME = AppIcon;
				CODE_SIGN_STYLE = Automatic;
				DEVELOPMENT_TEAM = 8P8574Z65P;
				INFOPLIST_FILE = Forecast/Info.plist;
				LD_RUNPATH_SEARCH_PATHS = (
					"$(inherited)",
					"@executable_path/Frameworks",
				);
				PRODUCT_BUNDLE_IDENTIFIER = com.romsicki.forecast;
				PRODUCT_NAME = "$(TARGET_NAME)";
				SWIFT_VERSION = 4.2;
				TARGETED_DEVICE_FAMILY = 1;
			};
			name = Release;
		};
/* End XCBuildConfiguration section */

/* Begin XCConfigurationList section */
		8051A6EA21755BE6007290CF /* Build configuration list for PBXProject "Forecast" */ = {
			isa = XCConfigurationList;
			buildConfigurations = (
				8051A6FF21755BE7007290CF /* Debug */,
				8051A70021755BE7007290CF /* Release */,
			);
			defaultConfigurationIsVisible = 0;
			defaultConfigurationName = Release;
		};
		8051A70121755BE7007290CF /* Build configuration list for PBXNativeTarget "Forecast" */ = {
			isa = XCConfigurationList;
			buildConfigurations = (
				8051A70221755BE7007290CF /* Debug */,
				8051A70321755BE7007290CF /* Release */,
			);
			defaultConfigurationIsVisible = 0;
			defaultConfigurationName = Release;
		};
/* End XCConfigurationList section */
	};
	rootObject = 8051A6E721755BE6007290CF /* Project object */;
}
