// !$*UTF8*$!
{
	archiveVersion = 1;
	classes = {
	};
	objectVersion = 50;
	objects = {

/* Begin PBXBuildFile section */
		8040B5AF2177FDDC0021AF6C /* WeatherService.swift in Sources */ = {isa = PBXBuildFile; fileRef = 8040B5AE2177FDDC0021AF6C /* WeatherService.swift */; };
		8040B5B12178047B0021AF6C /* Site.swift in Sources */ = {isa = PBXBuildFile; fileRef = 8040B5B02178047B0021AF6C /* Site.swift */; };
		8051A6F321755BE6007290CF /* AppDelegate.swift in Sources */ = {isa = PBXBuildFile; fileRef = 8051A6F221755BE6007290CF /* AppDelegate.swift */; };
		8051A6F521755BE6007290CF /* ViewController.swift in Sources */ = {isa = PBXBuildFile; fileRef = 8051A6F421755BE6007290CF /* ViewController.swift */; };
		8051A6F821755BE6007290CF /* Main.storyboard in Resources */ = {isa = PBXBuildFile; fileRef = 8051A6F621755BE6007290CF /* Main.storyboard */; };
		8051A6FA21755BE7007290CF /* Assets.xcassets in Resources */ = {isa = PBXBuildFile; fileRef = 8051A6F921755BE7007290CF /* Assets.xcassets */; };
		8051A6FD21755BE7007290CF /* LaunchScreen.storyboard in Resources */ = {isa = PBXBuildFile; fileRef = 8051A6FB21755BE7007290CF /* LaunchScreen.storyboard */; };
		80A608242176C180005D2891 /* DateTime.swift in Sources */ = {isa = PBXBuildFile; fileRef = 80A608232176C180005D2891 /* DateTime.swift */; };
		80A6082A2176C1E7005D2891 /* CurrentConditions.swift in Sources */ = {isa = PBXBuildFile; fileRef = 80A608292176C1E7005D2891 /* CurrentConditions.swift */; };
		80A6082C2176C35C005D2891 /* Pressure.swift in Sources */ = {isa = PBXBuildFile; fileRef = 80A6082B2176C35C005D2891 /* Pressure.swift */; };
		80A608302176C3FF005D2891 /* Measurement.swift in Sources */ = {isa = PBXBuildFile; fileRef = 80A6082F2176C3FF005D2891 /* Measurement.swift */; };
		80A608322176C5AD005D2891 /* Wind.swift in Sources */ = {isa = PBXBuildFile; fileRef = 80A608312176C5AC005D2891 /* Wind.swift */; };
		80A608372176C7DB005D2891 /* Location.swift in Sources */ = {isa = PBXBuildFile; fileRef = 80A608362176C7DB005D2891 /* Location.swift */; };
		80A608392176C8BC005D2891 /* SiteData.swift in Sources */ = {isa = PBXBuildFile; fileRef = 80A608382176C8BC005D2891 /* SiteData.swift */; };
		80A6083B2176CC4F005D2891 /* ForecastGroup.swift in Sources */ = {isa = PBXBuildFile; fileRef = 80A6083A2176CC4F005D2891 /* ForecastGroup.swift */; };
		80A6083D2176D433005D2891 /* RiseSet.swift in Sources */ = {isa = PBXBuildFile; fileRef = 80A6083C2176D433005D2891 /* RiseSet.swift */; };
		80A6083F2176D4E6005D2891 /* Forecast.swift in Sources */ = {isa = PBXBuildFile; fileRef = 80A6083E2176D4E6005D2891 /* Forecast.swift */; };
		80EEB235217A697A00AD4448 /* RegionalNormals.swift in Sources */ = {isa = PBXBuildFile; fileRef = 80EEB234217A697A00AD4448 /* RegionalNormals.swift */; };
		80EEB237217A69D500AD4448 /* ExactLocation.swift in Sources */ = {isa = PBXBuildFile; fileRef = 80EEB236217A69D500AD4448 /* ExactLocation.swift */; };
		80EEB241217A74B000AD4448 /* Interstate-Regular.otf in Resources */ = {isa = PBXBuildFile; fileRef = 80EEB23E217A74B000AD4448 /* Interstate-Regular.otf */; };
		80EEB242217A74B000AD4448 /* Interstate-Bold.otf in Resources */ = {isa = PBXBuildFile; fileRef = 80EEB23F217A74B000AD4448 /* Interstate-Bold.otf */; };
		80EEB243217A74B000AD4448 /* Interstate-BoldCondensed.otf in Resources */ = {isa = PBXBuildFile; fileRef = 80EEB240217A74B000AD4448 /* Interstate-BoldCondensed.otf */; };
		F05D4B452A60266AD4A9381D /* Pods_Forecast.framework in Frameworks */ = {isa = PBXBuildFile; fileRef = A0669C3F85188D60A0AD81C6 /* Pods_Forecast.framework */; };
/* End PBXBuildFile section */

/* Begin PBXFileReference section */
		3EEA1402F1D104527639E4F8 /* Pods-Forecast.debug.xcconfig */ = {isa = PBXFileReference; includeInIndex = 1; lastKnownFileType = text.xcconfig; name = "Pods-Forecast.debug.xcconfig"; path = "Pods/Target Support Files/Pods-Forecast/Pods-Forecast.debug.xcconfig"; sourceTree = "<group>"; };
		7B555CDA40B43CFBBCBEB44B /* Pods-Forecast.release.xcconfig */ = {isa = PBXFileReference; includeInIndex = 1; lastKnownFileType = text.xcconfig; name = "Pods-Forecast.release.xcconfig"; path = "Pods/Target Support Files/Pods-Forecast/Pods-Forecast.release.xcconfig"; sourceTree = "<group>"; };
		8040B5AE2177FDDC0021AF6C /* WeatherService.swift */ = {isa = PBXFileReference; lastKnownFileType = sourcecode.swift; path = WeatherService.swift; sourceTree = "<group>"; };
		8040B5B02178047B0021AF6C /* Site.swift */ = {isa = PBXFileReference; lastKnownFileType = sourcecode.swift; path = Site.swift; sourceTree = "<group>"; };
		8051A6EF21755BE6007290CF /* Forecast.app */ = {isa = PBXFileReference; explicitFileType = wrapper.application; includeInIndex = 0; path = Forecast.app; sourceTree = BUILT_PRODUCTS_DIR; };
		8051A6F221755BE6007290CF /* AppDelegate.swift */ = {isa = PBXFileReference; lastKnownFileType = sourcecode.swift; path = AppDelegate.swift; sourceTree = "<group>"; };
		8051A6F421755BE6007290CF /* ViewController.swift */ = {isa = PBXFileReference; lastKnownFileType = sourcecode.swift; path = ViewController.swift; sourceTree = "<group>"; };
		8051A6F721755BE6007290CF /* Base */ = {isa = PBXFileReference; lastKnownFileType = file.storyboard; name = Base; path = Base.lproj/Main.storyboard; sourceTree = "<group>"; };
		8051A6F921755BE7007290CF /* Assets.xcassets */ = {isa = PBXFileReference; lastKnownFileType = folder.assetcatalog; path = Assets.xcassets; sourceTree = "<group>"; };
		8051A6FC21755BE7007290CF /* Base */ = {isa = PBXFileReference; lastKnownFileType = file.storyboard; name = Base; path = Base.lproj/LaunchScreen.storyboard; sourceTree = "<group>"; };
		8051A6FE21755BE7007290CF /* Info.plist */ = {isa = PBXFileReference; lastKnownFileType = text.plist.xml; path = Info.plist; sourceTree = "<group>"; };
		80A608232176C180005D2891 /* DateTime.swift */ = {isa = PBXFileReference; lastKnownFileType = sourcecode.swift; path = DateTime.swift; sourceTree = "<group>"; };
		80A608292176C1E7005D2891 /* CurrentConditions.swift */ = {isa = PBXFileReference; lastKnownFileType = sourcecode.swift; path = CurrentConditions.swift; sourceTree = "<group>"; };
		80A6082B2176C35C005D2891 /* Pressure.swift */ = {isa = PBXFileReference; lastKnownFileType = sourcecode.swift; path = Pressure.swift; sourceTree = "<group>"; };
		80A6082F2176C3FF005D2891 /* Measurement.swift */ = {isa = PBXFileReference; lastKnownFileType = sourcecode.swift; path = Measurement.swift; sourceTree = "<group>"; };
		80A608312176C5AC005D2891 /* Wind.swift */ = {isa = PBXFileReference; lastKnownFileType = sourcecode.swift; path = Wind.swift; sourceTree = "<group>"; };
		80A608362176C7DB005D2891 /* Location.swift */ = {isa = PBXFileReference; lastKnownFileType = sourcecode.swift; path = Location.swift; sourceTree = "<group>"; };
		80A608382176C8BC005D2891 /* SiteData.swift */ = {isa = PBXFileReference; lastKnownFileType = sourcecode.swift; path = SiteData.swift; sourceTree = "<group>"; };
		80A6083A2176CC4F005D2891 /* ForecastGroup.swift */ = {isa = PBXFileReference; lastKnownFileType = sourcecode.swift; path = ForecastGroup.swift; sourceTree = "<group>"; };
		80A6083C2176D433005D2891 /* RiseSet.swift */ = {isa = PBXFileReference; lastKnownFileType = sourcecode.swift; path = RiseSet.swift; sourceTree = "<group>"; };
		80A6083E2176D4E6005D2891 /* Forecast.swift */ = {isa = PBXFileReference; lastKnownFileType = sourcecode.swift; path = Forecast.swift; sourceTree = "<group>"; };
		80EEB234217A697A00AD4448 /* RegionalNormals.swift */ = {isa = PBXFileReference; lastKnownFileType = sourcecode.swift; path = RegionalNormals.swift; sourceTree = "<group>"; };
		80EEB236217A69D500AD4448 /* ExactLocation.swift */ = {isa = PBXFileReference; lastKnownFileType = sourcecode.swift; path = ExactLocation.swift; sourceTree = "<group>"; };
		80EEB23E217A74B000AD4448 /* Interstate-Regular.otf */ = {isa = PBXFileReference; lastKnownFileType = file; path = "Interstate-Regular.otf"; sourceTree = "<group>"; };
		80EEB23F217A74B000AD4448 /* Interstate-Bold.otf */ = {isa = PBXFileReference; lastKnownFileType = file; path = "Interstate-Bold.otf"; sourceTree = "<group>"; };
		80EEB240217A74B000AD4448 /* Interstate-BoldCondensed.otf */ = {isa = PBXFileReference; lastKnownFileType = file; path = "Interstate-BoldCondensed.otf"; sourceTree = "<group>"; };
		A0669C3F85188D60A0AD81C6 /* Pods_Forecast.framework */ = {isa = PBXFileReference; explicitFileType = wrapper.framework; includeInIndex = 0; path = Pods_Forecast.framework; sourceTree = BUILT_PRODUCTS_DIR; };
/* End PBXFileReference section */

/* Begin PBXFrameworksBuildPhase section */
		8051A6EC21755BE6007290CF /* Frameworks */ = {
			isa = PBXFrameworksBuildPhase;
			buildActionMask = 2147483647;
			files = (
				F05D4B452A60266AD4A9381D /* Pods_Forecast.framework in Frameworks */,
			);
			runOnlyForDeploymentPostprocessing = 0;
		};
/* End PBXFrameworksBuildPhase section */

/* Begin PBXGroup section */
		5901A7E933D59EF17F75D6AC /* Frameworks */ = {
			isa = PBXGroup;
			children = (
				A0669C3F85188D60A0AD81C6 /* Pods_Forecast.framework */,
			);
			name = Frameworks;
			sourceTree = "<group>";
		};
		8051A6E621755BE6007290CF = {
			isa = PBXGroup;
			children = (
				8051A6F121755BE6007290CF /* Forecast */,
				8051A6F021755BE6007290CF /* Products */,
				CF1CB507A484B3314AA41664 /* Pods */,
				5901A7E933D59EF17F75D6AC /* Frameworks */,
			);
			sourceTree = "<group>";
		};
		8051A6F021755BE6007290CF /* Products */ = {
			isa = PBXGroup;
			children = (
				8051A6EF21755BE6007290CF /* Forecast.app */,
			);
			name = Products;
			sourceTree = "<group>";
		};
		8051A6F121755BE6007290CF /* Forecast */ = {
			isa = PBXGroup;
			children = (
				80EEB23D217A74A500AD4448 /* Fonts */,
				80EEB23A217A745600AD4448 /* Controllers */,
				80EEB239217A744500AD4448 /* Views */,
				80EEB238217A742800AD4448 /* Services */,
				80A6081F2176C10C005D2891 /* Models */,
				8051A6F221755BE6007290CF /* AppDelegate.swift */,
				8051A6F921755BE7007290CF /* Assets.xcassets */,
				8051A6FE21755BE7007290CF /* Info.plist */,
			);
			path = Forecast;
			sourceTree = "<group>";
		};
		80A6081F2176C10C005D2891 /* Models */ = {
			isa = PBXGroup;
			children = (
				80A608232176C180005D2891 /* DateTime.swift */,
				80A608292176C1E7005D2891 /* CurrentConditions.swift */,
				80A6082B2176C35C005D2891 /* Pressure.swift */,
				80A6082F2176C3FF005D2891 /* Measurement.swift */,
				80A608312176C5AC005D2891 /* Wind.swift */,
				80A608362176C7DB005D2891 /* Location.swift */,
				80A608382176C8BC005D2891 /* SiteData.swift */,
				80A6083A2176CC4F005D2891 /* ForecastGroup.swift */,
				80A6083C2176D433005D2891 /* RiseSet.swift */,
				80A6083E2176D4E6005D2891 /* Forecast.swift */,
				8040B5B02178047B0021AF6C /* Site.swift */,
				80EEB234217A697A00AD4448 /* RegionalNormals.swift */,
				80EEB236217A69D500AD4448 /* ExactLocation.swift */,
			);
			path = Models;
			sourceTree = "<group>";
		};
		80EEB238217A742800AD4448 /* Services */ = {
			isa = PBXGroup;
			children = (
				8040B5AE2177FDDC0021AF6C /* WeatherService.swift */,
			);
			path = Services;
			sourceTree = "<group>";
		};
		80EEB239217A744500AD4448 /* Views */ = {
			isa = PBXGroup;
			children = (
				8051A6F621755BE6007290CF /* Main.storyboard */,
				8051A6FB21755BE7007290CF /* LaunchScreen.storyboard */,
			);
			path = Views;
			sourceTree = "<group>";
		};
		80EEB23A217A745600AD4448 /* Controllers */ = {
			isa = PBXGroup;
			children = (
				8051A6F421755BE6007290CF /* ViewController.swift */,
			);
			path = Controllers;
			sourceTree = "<group>";
		};
		80EEB23D217A74A500AD4448 /* Fonts */ = {
			isa = PBXGroup;
			children = (
				80EEB23F217A74B000AD4448 /* Interstate-Bold.otf */,
				80EEB240217A74B000AD4448 /* Interstate-BoldCondensed.otf */,
				80EEB23E217A74B000AD4448 /* Interstate-Regular.otf */,
			);
			path = Fonts;
			sourceTree = "<group>";
		};
		CF1CB507A484B3314AA41664 /* Pods */ = {
			isa = PBXGroup;
			children = (
				3EEA1402F1D104527639E4F8 /* Pods-Forecast.debug.xcconfig */,
				7B555CDA40B43CFBBCBEB44B /* Pods-Forecast.release.xcconfig */,
			);
			name = Pods;
			sourceTree = "<group>";
		};
/* End PBXGroup section */

/* Begin PBXNativeTarget section */
		8051A6EE21755BE6007290CF /* Forecast */ = {
			isa = PBXNativeTarget;
			buildConfigurationList = 8051A70121755BE7007290CF /* Build configuration list for PBXNativeTarget "Forecast" */;
			buildPhases = (
				80A3E7DBDD755F8130B83037 /* [CP] Check Pods Manifest.lock */,
				8051A6EB21755BE6007290CF /* Sources */,
				8051A6EC21755BE6007290CF /* Frameworks */,
				8051A6ED21755BE6007290CF /* Resources */,
				49D5E3667D59BB05ACA12E3D /* [CP] Embed Pods Frameworks */,
			);
			buildRules = (
			);
			dependencies = (
			);
			name = Forecast;
			productName = Forecast;
			productReference = 8051A6EF21755BE6007290CF /* Forecast.app */;
			productType = "com.apple.product-type.application";
		};
/* End PBXNativeTarget section */

/* Begin PBXProject section */
		8051A6E721755BE6007290CF /* Project object */ = {
			isa = PBXProject;
			attributes = {
				LastSwiftUpdateCheck = 1000;
				LastUpgradeCheck = 1000;
				ORGANIZATIONNAME = "Lukas Romsicki";
				TargetAttributes = {
					8051A6EE21755BE6007290CF = {
						CreatedOnToolsVersion = 10.0;
					};
				};
			};
			buildConfigurationList = 8051A6EA21755BE6007290CF /* Build configuration list for PBXProject "Forecast" */;
			compatibilityVersion = "Xcode 9.3";
			developmentRegion = en;
			hasScannedForEncodings = 0;
			knownRegions = (
				en,
				Base,
			);
			mainGroup = 8051A6E621755BE6007290CF;
			productRefGroup = 8051A6F021755BE6007290CF /* Products */;
			projectDirPath = "";
			projectRoot = "";
			targets = (
				8051A6EE21755BE6007290CF /* Forecast */,
			);
		};
/* End PBXProject section */

/* Begin PBXResourcesBuildPhase section */
		8051A6ED21755BE6007290CF /* Resources */ = {
			isa = PBXResourcesBuildPhase;
			buildActionMask = 2147483647;
			files = (
				80EEB242217A74B000AD4448 /* Interstate-Bold.otf in Resources */,
				8051A6FD21755BE7007290CF /* LaunchScreen.storyboard in Resources */,
				8051A6FA21755BE7007290CF /* Assets.xcassets in Resources */,
				8051A6F821755BE6007290CF /* Main.storyboard in Resources */,
				80EEB241217A74B000AD4448 /* Interstate-Regular.otf in Resources */,
				80EEB243217A74B000AD4448 /* Interstate-BoldCondensed.otf in Resources */,
			);
			runOnlyForDeploymentPostprocessing = 0;
		};
/* End PBXResourcesBuildPhase section */

/* Begin PBXShellScriptBuildPhase section */
		49D5E3667D59BB05ACA12E3D /* [CP] Embed Pods Frameworks */ = {
			isa = PBXShellScriptBuildPhase;
			buildActionMask = 2147483647;
			files = (
			);
			inputFileListPaths = (
			);
			inputPaths = (
				"${SRCROOT}/Pods/Target Support Files/Pods-Forecast/Pods-Forecast-frameworks.sh",
				"${BUILT_PRODUCTS_DIR}/SWXMLHash/SWXMLHash.framework",
				"${BUILT_PRODUCTS_DIR}/Siesta/Siesta.framework",
				"${BUILT_PRODUCTS_DIR}/SwiftDate/SwiftDate.framework",
			);
			name = "[CP] Embed Pods Frameworks";
			outputFileListPaths = (
			);
			outputPaths = (
				"${TARGET_BUILD_DIR}/${FRAMEWORKS_FOLDER_PATH}/SWXMLHash.framework",
				"${TARGET_BUILD_DIR}/${FRAMEWORKS_FOLDER_PATH}/Siesta.framework",
				"${TARGET_BUILD_DIR}/${FRAMEWORKS_FOLDER_PATH}/SwiftDate.framework",
			);
			runOnlyForDeploymentPostprocessing = 0;
			shellPath = /bin/sh;
			shellScript = "\"${SRCROOT}/Pods/Target Support Files/Pods-Forecast/Pods-Forecast-frameworks.sh\"\n";
			showEnvVarsInLog = 0;
		};
		80A3E7DBDD755F8130B83037 /* [CP] Check Pods Manifest.lock */ = {
			isa = PBXShellScriptBuildPhase;
			buildActionMask = 2147483647;
			files = (
			);
			inputFileListPaths = (
			);
			inputPaths = (
				"${PODS_PODFILE_DIR_PATH}/Podfile.lock",
				"${PODS_ROOT}/Manifest.lock",
			);
			name = "[CP] Check Pods Manifest.lock";
			outputFileListPaths = (
			);
			outputPaths = (
				"$(DERIVED_FILE_DIR)/Pods-Forecast-checkManifestLockResult.txt",
			);
			runOnlyForDeploymentPostprocessing = 0;
			shellPath = /bin/sh;
			shellScript = "diff \"${PODS_PODFILE_DIR_PATH}/Podfile.lock\" \"${PODS_ROOT}/Manifest.lock\" > /dev/null\nif [ $? != 0 ] ; then\n    # print error to STDERR\n    echo \"error: The sandbox is not in sync with the Podfile.lock. Run 'pod install' or update your CocoaPods installation.\" >&2\n    exit 1\nfi\n# This output is used by Xcode 'outputs' to avoid re-running this script phase.\necho \"SUCCESS\" > \"${SCRIPT_OUTPUT_FILE_0}\"\n";
			showEnvVarsInLog = 0;
		};
/* End PBXShellScriptBuildPhase section */

/* Begin PBXSourcesBuildPhase section */
		8051A6EB21755BE6007290CF /* Sources */ = {
			isa = PBXSourcesBuildPhase;
			buildActionMask = 2147483647;
			files = (
				8051A6F521755BE6007290CF /* ViewController.swift in Sources */,
				8040B5B12178047B0021AF6C /* Site.swift in Sources */,
				80A608322176C5AD005D2891 /* Wind.swift in Sources */,
				80A608302176C3FF005D2891 /* Measurement.swift in Sources */,
				80A6082C2176C35C005D2891 /* Pressure.swift in Sources */,
				80A608372176C7DB005D2891 /* Location.swift in Sources */,
				80EEB235217A697A00AD4448 /* RegionalNormals.swift in Sources */,
				8051A6F321755BE6007290CF /* AppDelegate.swift in Sources */,
				8040B5AF2177FDDC0021AF6C /* WeatherService.swift in Sources */,
				80A608242176C180005D2891 /* DateTime.swift in Sources */,
				80A6083F2176D4E6005D2891 /* Forecast.swift in Sources */,
				80A6083D2176D433005D2891 /* RiseSet.swift in Sources */,
				80EEB237217A69D500AD4448 /* ExactLocation.swift in Sources */,
				80A608392176C8BC005D2891 /* SiteData.swift in Sources */,
				80A6082A2176C1E7005D2891 /* CurrentConditions.swift in Sources */,
				80A6083B2176CC4F005D2891 /* ForecastGroup.swift in Sources */,
			);
			runOnlyForDeploymentPostprocessing = 0;
		};
/* End PBXSourcesBuildPhase section */

/* Begin PBXVariantGroup section */
		8051A6F621755BE6007290CF /* Main.storyboard */ = {
			isa = PBXVariantGroup;
			children = (
				8051A6F721755BE6007290CF /* Base */,
			);
			name = Main.storyboard;
			sourceTree = "<group>";
		};
		8051A6FB21755BE7007290CF /* LaunchScreen.storyboard */ = {
			isa = PBXVariantGroup;
			children = (
				8051A6FC21755BE7007290CF /* Base */,
			);
			name = LaunchScreen.storyboard;
			sourceTree = "<group>";
		};
/* End PBXVariantGroup section */

/* Begin XCBuildConfiguration section */
		8051A6FF21755BE7007290CF /* Debug */ = {
			isa = XCBuildConfiguration;
			buildSettings = {
				ALWAYS_SEARCH_USER_PATHS = NO;
				CLANG_ANALYZER_NONNULL = YES;
				CLANG_ANALYZER_NUMBER_OBJECT_CONVERSION = YES_AGGRESSIVE;
				CLANG_CXX_LANGUAGE_STANDARD = "gnu++14";
				CLANG_CXX_LIBRARY = "libc++";
				CLANG_ENABLE_MODULES = YES;
				CLANG_ENABLE_OBJC_ARC = YES;
				CLANG_ENABLE_OBJC_WEAK = YES;
				CLANG_WARN_BLOCK_CAPTURE_AUTORELEASING = YES;
				CLANG_WARN_BOOL_CONVERSION = YES;
				CLANG_WARN_COMMA = YES;
				CLANG_WARN_CONSTANT_CONVERSION = YES;
				CLANG_WARN_DEPRECATED_OBJC_IMPLEMENTATIONS = YES;
				CLANG_WARN_DIRECT_OBJC_ISA_USAGE = YES_ERROR;
				CLANG_WARN_DOCUMENTATION_COMMENTS = YES;
				CLANG_WARN_EMPTY_BODY = YES;
				CLANG_WARN_ENUM_CONVERSION = YES;
				CLANG_WARN_INFINITE_RECURSION = YES;
				CLANG_WARN_INT_CONVERSION = YES;
				CLANG_WARN_NON_LITERAL_NULL_CONVERSION = YES;
				CLANG_WARN_OBJC_IMPLICIT_RETAIN_SELF = YES;
				CLANG_WARN_OBJC_LITERAL_CONVERSION = YES;
				CLANG_WARN_OBJC_ROOT_CLASS = YES_ERROR;
				CLANG_WARN_RANGE_LOOP_ANALYSIS = YES;
				CLANG_WARN_STRICT_PROTOTYPES = YES;
				CLANG_WARN_SUSPICIOUS_MOVE = YES;
				CLANG_WARN_UNGUARDED_AVAILABILITY = YES_AGGRESSIVE;
				CLANG_WARN_UNREACHABLE_CODE = YES;
				CLANG_WARN__DUPLICATE_METHOD_MATCH = YES;
				CODE_SIGN_IDENTITY = "iPhone Developer";
				COPY_PHASE_STRIP = NO;
				DEBUG_INFORMATION_FORMAT = dwarf;
				ENABLE_STRICT_OBJC_MSGSEND = YES;
				ENABLE_TESTABILITY = YES;
				GCC_C_LANGUAGE_STANDARD = gnu11;
				GCC_DYNAMIC_NO_PIC = NO;
				GCC_NO_COMMON_BLOCKS = YES;
				GCC_OPTIMIZATION_LEVEL = 0;
				GCC_PREPROCESSOR_DEFINITIONS = (
					"DEBUG=1",
					"$(inherited)",
				);
				GCC_WARN_64_TO_32_BIT_CONVERSION = YES;
				GCC_WARN_ABOUT_RETURN_TYPE = YES_ERROR;
				GCC_WARN_UNDECLARED_SELECTOR = YES;
				GCC_WARN_UNINITIALIZED_AUTOS = YES_AGGRESSIVE;
				GCC_WARN_UNUSED_FUNCTION = YES;
				GCC_WARN_UNUSED_VARIABLE = YES;
				IPHONEOS_DEPLOYMENT_TARGET = 12.0;
				MTL_ENABLE_DEBUG_INFO = INCLUDE_SOURCE;
				MTL_FAST_MATH = YES;
				ONLY_ACTIVE_ARCH = YES;
				SDKROOT = iphoneos;
				SWIFT_ACTIVE_COMPILATION_CONDITIONS = DEBUG;
				SWIFT_OPTIMIZATION_LEVEL = "-Onone";
			};
			name = Debug;
		};
		8051A70021755BE7007290CF /* Release */ = {
			isa = XCBuildConfiguration;
			buildSettings = {
				ALWAYS_SEARCH_USER_PATHS = NO;
				CLANG_ANALYZER_NONNULL = YES;
				CLANG_ANALYZER_NUMBER_OBJECT_CONVERSION = YES_AGGRESSIVE;
				CLANG_CXX_LANGUAGE_STANDARD = "gnu++14";
				CLANG_CXX_LIBRARY = "libc++";
				CLANG_ENABLE_MODULES = YES;
				CLANG_ENABLE_OBJC_ARC = YES;
				CLANG_ENABLE_OBJC_WEAK = YES;
				CLANG_WARN_BLOCK_CAPTURE_AUTORELEASING = YES;
				CLANG_WARN_BOOL_CONVERSION = YES;
				CLANG_WARN_COMMA = YES;
				CLANG_WARN_CONSTANT_CONVERSION = YES;
				CLANG_WARN_DEPRECATED_OBJC_IMPLEMENTATIONS = YES;
				CLANG_WARN_DIRECT_OBJC_ISA_USAGE = YES_ERROR;
				CLANG_WARN_DOCUMENTATION_COMMENTS = YES;
				CLANG_WARN_EMPTY_BODY = YES;
				CLANG_WARN_ENUM_CONVERSION = YES;
				CLANG_WARN_INFINITE_RECURSION = YES;
				CLANG_WARN_INT_CONVERSION = YES;
				CLANG_WARN_NON_LITERAL_NULL_CONVERSION = YES;
				CLANG_WARN_OBJC_IMPLICIT_RETAIN_SELF = YES;
				CLANG_WARN_OBJC_LITERAL_CONVERSION = YES;
				CLANG_WARN_OBJC_ROOT_CLASS = YES_ERROR;
				CLANG_WARN_RANGE_LOOP_ANALYSIS = YES;
				CLANG_WARN_STRICT_PROTOTYPES = YES;
				CLANG_WARN_SUSPICIOUS_MOVE = YES;
				CLANG_WARN_UNGUARDED_AVAILABILITY = YES_AGGRESSIVE;
				CLANG_WARN_UNREACHABLE_CODE = YES;
				CLANG_WARN__DUPLICATE_METHOD_MATCH = YES;
				CODE_SIGN_IDENTITY = "iPhone Developer";
				COPY_PHASE_STRIP = NO;
				DEBUG_INFORMATION_FORMAT = "dwarf-with-dsym";
				ENABLE_NS_ASSERTIONS = NO;
				ENABLE_STRICT_OBJC_MSGSEND = YES;
				GCC_C_LANGUAGE_STANDARD = gnu11;
				GCC_NO_COMMON_BLOCKS = YES;
				GCC_WARN_64_TO_32_BIT_CONVERSION = YES;
				GCC_WARN_ABOUT_RETURN_TYPE = YES_ERROR;
				GCC_WARN_UNDECLARED_SELECTOR = YES;
				GCC_WARN_UNINITIALIZED_AUTOS = YES_AGGRESSIVE;
				GCC_WARN_UNUSED_FUNCTION = YES;
				GCC_WARN_UNUSED_VARIABLE = YES;
				IPHONEOS_DEPLOYMENT_TARGET = 12.0;
				MTL_ENABLE_DEBUG_INFO = NO;
				MTL_FAST_MATH = YES;
				SDKROOT = iphoneos;
				SWIFT_COMPILATION_MODE = wholemodule;
				SWIFT_OPTIMIZATION_LEVEL = "-O";
				VALIDATE_PRODUCT = YES;
			};
			name = Release;
		};
		8051A70221755BE7007290CF /* Debug */ = {
			isa = XCBuildConfiguration;
			baseConfigurationReference = 3EEA1402F1D104527639E4F8 /* Pods-Forecast.debug.xcconfig */;
			buildSettings = {
				ASSETCATALOG_COMPILER_APPICON_NAME = AppIcon;
				CODE_SIGN_STYLE = Automatic;
				DEVELOPMENT_TEAM = 8P8574Z65P;
				INFOPLIST_FILE = Forecast/Info.plist;
				LD_RUNPATH_SEARCH_PATHS = (
					"$(inherited)",
					"@executable_path/Frameworks",
				);
				PRODUCT_BUNDLE_IDENTIFIER = com.romsicki.forecast;
				PRODUCT_NAME = "$(TARGET_NAME)";
				SWIFT_VERSION = 4.2;
				TARGETED_DEVICE_FAMILY = 1;
			};
			name = Debug;
		};
		8051A70321755BE7007290CF /* Release */ = {
			isa = XCBuildConfiguration;
			baseConfigurationReference = 7B555CDA40B43CFBBCBEB44B /* Pods-Forecast.release.xcconfig */;
			buildSettings = {
				ASSETCATALOG_COMPILER_APPICON_NAME = AppIcon;
				CODE_SIGN_STYLE = Automatic;
				DEVELOPMENT_TEAM = 8P8574Z65P;
				INFOPLIST_FILE = Forecast/Info.plist;
				LD_RUNPATH_SEARCH_PATHS = (
					"$(inherited)",
					"@executable_path/Frameworks",
				);
				PRODUCT_BUNDLE_IDENTIFIER = com.romsicki.forecast;
				PRODUCT_NAME = "$(TARGET_NAME)";
				SWIFT_VERSION = 4.2;
				TARGETED_DEVICE_FAMILY = 1;
			};
			name = Release;
		};
/* End XCBuildConfiguration section */

/* Begin XCConfigurationList section */
		8051A6EA21755BE6007290CF /* Build configuration list for PBXProject "Forecast" */ = {
			isa = XCConfigurationList;
			buildConfigurations = (
				8051A6FF21755BE7007290CF /* Debug */,
				8051A70021755BE7007290CF /* Release */,
			);
			defaultConfigurationIsVisible = 0;
			defaultConfigurationName = Release;
		};
		8051A70121755BE7007290CF /* Build configuration list for PBXNativeTarget "Forecast" */ = {
			isa = XCConfigurationList;
			buildConfigurations = (
				8051A70221755BE7007290CF /* Debug */,
				8051A70321755BE7007290CF /* Release */,
			);
			defaultConfigurationIsVisible = 0;
			defaultConfigurationName = Release;
		};
/* End XCConfigurationList section */
	};
	rootObject = 8051A6E721755BE6007290CF /* Project object */;
}
